
Microsoft Visual Studio Solution File, Format Version 12.00
# Visual Studio Version 17
VisualStudioVersion = 17.8.34330.188
MinimumVisualStudioVersion = 10.0.40219.1
Project("{FAE04EC0-301F-11D3-BF4B-00C04F79EFBC}") = "PalindromeNumber", "PalindromeNumber\PalindromeNumber.csproj", "{FFFFFC47-1250-4292-A6C1-6B0659BF431C}"
EndProject
Global
	GlobalSection(SolutionConfigurationPlatforms) = preSolution
		Debug|Any CPU = Debug|Any CPU
		Release|Any CPU = Release|Any CPU
	EndGlobalSection
	GlobalSection(ProjectConfigurationPlatforms) = postSolution
		{FFFFFC47-1250-4292-A6C1-6B0659BF431C}.Debug|Any CPU.ActiveCfg = Debug|Any CPU
		{FFFFFC47-1250-4292-A6C1-6B0659BF431C}.Debug|Any CPU.Build.0 = Debug|Any CPU
		{FFFFFC47-1250-4292-A6C1-6B0659BF431C}.Release|Any CPU.ActiveCfg = Release|Any CPU
		{FFFFFC47-1250-4292-A6C1-6B0659BF431C}.Release|Any CPU.Build.0 = Release|Any CPU
	EndGlobalSection
	GlobalSection(SolutionProperties) = preSolution
		HideSolutionNode = FALSE
	EndGlobalSection
	GlobalSection(ExtensibilityGlobals) = postSolution
		SolutionGuid = {D9A0C2C0-768F-4DF9-A6EF-448F5954CA91}
	EndGlobalSection
EndGlobal
