
Microsoft Visual Studio Solution File, Format Version 12.00
# Visual Studio Version 17
VisualStudioVersion = 17.8.34330.188
MinimumVisualStudioVersion = 10.0.40219.1
Project("{FAE04EC0-301F-11D3-BF4B-00C04F79EFBC}") = "RansomNote", "RansomNote\RansomNote.csproj", "{D5A7D581-5F35-4E94-807D-112D8EF8F03F}"
EndProject
Global
	GlobalSection(SolutionConfigurationPlatforms) = preSolution
		Debug|Any CPU = Debug|Any CPU
		Release|Any CPU = Release|Any CPU
	EndGlobalSection
	GlobalSection(ProjectConfigurationPlatforms) = postSolution
		{D5A7D581-5F35-4E94-807D-112D8EF8F03F}.Debug|Any CPU.ActiveCfg = Debug|Any CPU
		{D5A7D581-5F35-4E94-807D-112D8EF8F03F}.Debug|Any CPU.Build.0 = Debug|Any CPU
		{D5A7D581-5F35-4E94-807D-112D8EF8F03F}.Release|Any CPU.ActiveCfg = Release|Any CPU
		{D5A7D581-5F35-4E94-807D-112D8EF8F03F}.Release|Any CPU.Build.0 = Release|Any CPU
	EndGlobalSection
	GlobalSection(SolutionProperties) = preSolution
		HideSolutionNode = FALSE
	EndGlobalSection
	GlobalSection(ExtensibilityGlobals) = postSolution
		SolutionGuid = {E9ABA7EA-7938-48CD-8B9E-307C7D90F16D}
	EndGlobalSection
EndGlobal
