
Microsoft Visual Studio Solution File, Format Version 12.00
# Visual Studio Version 17
VisualStudioVersion = 17.8.34330.188
MinimumVisualStudioVersion = 10.0.40219.1
Project("{FAE04EC0-301F-11D3-BF4B-00C04F79EFBC}") = "Find All Duplicates in an Array", "Find All Duplicates in an Array\Find All Duplicates in an Array.csproj", "{40702F71-A716-4E46-ABEE-0D118D987EA3}"
EndProject
Global
	GlobalSection(SolutionConfigurationPlatforms) = preSolution
		Debug|Any CPU = Debug|Any CPU
		Release|Any CPU = Release|Any CPU
	EndGlobalSection
	GlobalSection(ProjectConfigurationPlatforms) = postSolution
		{40702F71-A716-4E46-ABEE-0D118D987EA3}.Debug|Any CPU.ActiveCfg = Debug|Any CPU
		{40702F71-A716-4E46-ABEE-0D118D987EA3}.Debug|Any CPU.Build.0 = Debug|Any CPU
		{40702F71-A716-4E46-ABEE-0D118D987EA3}.Release|Any CPU.ActiveCfg = Release|Any CPU
		{40702F71-A716-4E46-ABEE-0D118D987EA3}.Release|Any CPU.Build.0 = Release|Any CPU
	EndGlobalSection
	GlobalSection(SolutionProperties) = preSolution
		HideSolutionNode = FALSE
	EndGlobalSection
	GlobalSection(ExtensibilityGlobals) = postSolution
		SolutionGuid = {58E259D2-AC1B-46C4-AB07-AD1168BEC21D}
	EndGlobalSection
EndGlobal
