
Microsoft Visual Studio Solution File, Format Version 12.00
# Visual Studio Version 17
VisualStudioVersion = 17.8.34330.188
MinimumVisualStudioVersion = 10.0.40219.1
Project("{FAE04EC0-301F-11D3-BF4B-00C04F79EFBC}") = "Merge Sorted Array", "Merge Sorted Array\Merge Sorted Array.csproj", "{60DECDCA-ED59-42AD-8F58-6A28A8A9DB48}"
EndProject
Global
	GlobalSection(SolutionConfigurationPlatforms) = preSolution
		Debug|Any CPU = Debug|Any CPU
		Release|Any CPU = Release|Any CPU
	EndGlobalSection
	GlobalSection(ProjectConfigurationPlatforms) = postSolution
		{60DECDCA-ED59-42AD-8F58-6A28A8A9DB48}.Debug|Any CPU.ActiveCfg = Debug|Any CPU
		{60DECDCA-ED59-42AD-8F58-6A28A8A9DB48}.Debug|Any CPU.Build.0 = Debug|Any CPU
		{60DECDCA-ED59-42AD-8F58-6A28A8A9DB48}.Release|Any CPU.ActiveCfg = Release|Any CPU
		{60DECDCA-ED59-42AD-8F58-6A28A8A9DB48}.Release|Any CPU.Build.0 = Release|Any CPU
	EndGlobalSection
	GlobalSection(SolutionProperties) = preSolution
		HideSolutionNode = FALSE
	EndGlobalSection
	GlobalSection(ExtensibilityGlobals) = postSolution
		SolutionGuid = {3F1631DB-ACE0-462B-8C63-97546239AF55}
	EndGlobalSection
EndGlobal
